
Microsoft Visual Studio Solution File, Format Version 12.00
# Visual Studio Version 17
VisualStudioVersion = 17.12.35527.113 d17.12
MinimumVisualStudioVersion = 10.0.40219.1
Project("{FAE04EC0-301F-11D3-BF4B-00C04F79EFBC}") = "ConsoleT5", "ConsoleT5.csproj", "{FE231331-F671-4948-AB81-920FD6A1EFC4}"
EndProject
Global
	GlobalSection(SolutionConfigurationPlatforms) = preSolution
		Debug|Any CPU = Debug|Any CPU
		Release|Any CPU = Release|Any CPU
	EndGlobalSection
	GlobalSection(ProjectConfigurationPlatforms) = postSolution
		{FE231331-F671-4948-AB81-920FD6A1EFC4}.Debug|Any CPU.ActiveCfg = Debug|Any CPU
		{FE231331-F671-4948-AB81-920FD6A1EFC4}.Debug|Any CPU.Build.0 = Debug|Any CPU
		{FE231331-F671-4948-AB81-920FD6A1EFC4}.Release|Any CPU.ActiveCfg = Release|Any CPU
		{FE231331-F671-4948-AB81-920FD6A1EFC4}.Release|Any CPU.Build.0 = Release|Any CPU
	EndGlobalSection
	GlobalSection(SolutionProperties) = preSolution
		HideSolutionNode = FALSE
	EndGlobalSection
EndGlobal
